
Microsoft Visual Studio Solution File, Format Version 12.00
# Visual Studio Version 17
VisualStudioVersion = 17.8.34511.84
MinimumVisualStudioVersion = 10.0.40219.1
Project("{FAE04EC0-301F-11D3-BF4B-00C04F79EFBC}") = "BuckitStock", "BuckitStock\BuckitStock.csproj", "{946289E0-CA4C-40AA-BCB8-4D40E6992F14}"
EndProject
Project("{FAE04EC0-301F-11D3-BF4B-00C04F79EFBC}") = "StockDataSubscriber", "StockDataSubscriber\StockDataSubscriber.csproj", "{F5C2F149-A389-4E6C-9E3D-73916F8D8A46}"
EndProject
Project("{FAE04EC0-301F-11D3-BF4B-00C04F79EFBC}") = "StockAnalyzer", "StockAnalyzer\StockAnalyzer.csproj", "{8B3A977F-1E87-4F80-897F-7A77B8BFC7CC}"
EndProject
Global
	GlobalSection(SolutionConfigurationPlatforms) = preSolution
		Debug|Any CPU = Debug|Any CPU
		Release|Any CPU = Release|Any CPU
	EndGlobalSection
	GlobalSection(ProjectConfigurationPlatforms) = postSolution
		{946289E0-CA4C-40AA-BCB8-4D40E6992F14}.Debug|Any CPU.ActiveCfg = Debug|Any CPU
		{946289E0-CA4C-40AA-BCB8-4D40E6992F14}.Debug|Any CPU.Build.0 = Debug|Any CPU
		{946289E0-CA4C-40AA-BCB8-4D40E6992F14}.Release|Any CPU.ActiveCfg = Release|Any CPU
		{946289E0-CA4C-40AA-BCB8-4D40E6992F14}.Release|Any CPU.Build.0 = Release|Any CPU
		{F5C2F149-A389-4E6C-9E3D-73916F8D8A46}.Debug|Any CPU.ActiveCfg = Debug|Any CPU
		{F5C2F149-A389-4E6C-9E3D-73916F8D8A46}.Debug|Any CPU.Build.0 = Debug|Any CPU
		{F5C2F149-A389-4E6C-9E3D-73916F8D8A46}.Release|Any CPU.ActiveCfg = Release|Any CPU
		{F5C2F149-A389-4E6C-9E3D-73916F8D8A46}.Release|Any CPU.Build.0 = Release|Any CPU
		{8B3A977F-1E87-4F80-897F-7A77B8BFC7CC}.Debug|Any CPU.ActiveCfg = Debug|Any CPU
		{8B3A977F-1E87-4F80-897F-7A77B8BFC7CC}.Debug|Any CPU.Build.0 = Debug|Any CPU
		{8B3A977F-1E87-4F80-897F-7A77B8BFC7CC}.Release|Any CPU.ActiveCfg = Release|Any CPU
		{8B3A977F-1E87-4F80-897F-7A77B8BFC7CC}.Release|Any CPU.Build.0 = Release|Any CPU
	EndGlobalSection
	GlobalSection(SolutionProperties) = preSolution
		HideSolutionNode = FALSE
	EndGlobalSection
	GlobalSection(ExtensibilityGlobals) = postSolution
		SolutionGuid = {DDC86B3F-B69E-4F92-B261-03CC50AC6143}
	EndGlobalSection
EndGlobal
